
Microsoft Visual Studio Solution File, Format Version 12.00
# Visual Studio Version 17
VisualStudioVersion = 17.9.34728.123
MinimumVisualStudioVersion = 10.0.40219.1
Project("{9A19103F-16F7-4668-BE54-9A1E7A4F7556}") = "UcakRezervasyon", "FlightReservation\UcakRezervasyon.csproj", "{B38E8C6C-97C3-4835-B0EB-BF777F18CF02}"
EndProject
Global
	GlobalSection(SolutionConfigurationPlatforms) = preSolution
		Debug|Any CPU = Debug|Any CPU
		Release|Any CPU = Release|Any CPU
	EndGlobalSection
	GlobalSection(ProjectConfigurationPlatforms) = postSolution
		{B38E8C6C-97C3-4835-B0EB-BF777F18CF02}.Debug|Any CPU.ActiveCfg = Debug|Any CPU
		{B38E8C6C-97C3-4835-B0EB-BF777F18CF02}.Debug|Any CPU.Build.0 = Debug|Any CPU
		{B38E8C6C-97C3-4835-B0EB-BF777F18CF02}.Release|Any CPU.ActiveCfg = Release|Any CPU
		{B38E8C6C-97C3-4835-B0EB-BF777F18CF02}.Release|Any CPU.Build.0 = Release|Any CPU
	EndGlobalSection
	GlobalSection(SolutionProperties) = preSolution
		HideSolutionNode = FALSE
	EndGlobalSection
	GlobalSection(ExtensibilityGlobals) = postSolution
		SolutionGuid = {26AC191E-BA6B-4813-91A0-A4BE3D228412}
	EndGlobalSection
EndGlobal
